
Microsoft Visual Studio Solution File, Format Version 12.00
# Visual Studio 15
Project("{FAE04EC0-301F-11D3-BF4B-00C04F79EFBC}") = "Assembly-CSharp", "Assembly-CSharp.csproj", "{14D7854B-E06E-C286-1D70-278B74F777A1}"
EndProject
Global
	GlobalSection(SolutionConfigurationPlatforms) = preSolution
		Debug|Any CPU = Debug|Any CPU
		Release|Any CPU = Release|Any CPU
	EndGlobalSection
	GlobalSection(ProjectConfigurationPlatforms) = postSolution
		{14D7854B-E06E-C286-1D70-278B74F777A1}.Debug|Any CPU.ActiveCfg = Debug|Any CPU
		{14D7854B-E06E-C286-1D70-278B74F777A1}.Debug|Any CPU.Build.0 = Debug|Any CPU
		{14D7854B-E06E-C286-1D70-278B74F777A1}.Release|Any CPU.ActiveCfg = Release|Any CPU
		{14D7854B-E06E-C286-1D70-278B74F777A1}.Release|Any CPU.Build.0 = Release|Any CPU
	EndGlobalSection
	GlobalSection(SolutionProperties) = preSolution
		HideSolutionNode = FALSE
	EndGlobalSection
	GlobalSection(MonoDevelopProperties) = preSolution
		StartupItem = Assembly-CSharp.csproj
	EndGlobalSection
EndGlobal
